<?xml version="1.0" encoding="utf-8"?>
<Project ToolsVersion="4.0" xmlns="http://schemas.microsoft.com/developer/msbuild/2003">
  <ItemGroup>
    <ClCompile Include="src\main.cpp" />
    <ClCompile Include="src\Entity\entity.cpp">
      <Filter>Entity</Filter>
    </ClCompile>
    <ClCompile Include="src\Ball\ball.cpp">
      <Filter>Ball</Filter>
    </ClCompile>
    <ClCompile Include="src\Player\player.cpp">
      <Filter>Player</Filter>
    </ClCompile>
    <ClCompile Include="src\Game\game.cpp">
      <Filter>Game</Filter>
    </ClCompile>
  </ItemGroup>
  <ItemGroup>
    <Filter Include="Entity">
      <UniqueIdentifier>{ca4f42e2-1371-4c3a-8cb7-9061f23cbc9c}</UniqueIdentifier>
    </Filter>
    <Filter Include="GlobalUtilities">
      <UniqueIdentifier>{de9028a2-406c-435d-9f0e-8e6754935dba}</UniqueIdentifier>
    </Filter>
    <Filter Include="Ball">
      <UniqueIdentifier>{8a4d3a39-7dc5-46ea-bea4-aaf64bed0033}</UniqueIdentifier>
    </Filter>
    <Filter Include="Player">
      <UniqueIdentifier>{48ab3d47-be2e-4a5c-bc0b-7c4ad1884bc2}</UniqueIdentifier>
    </Filter>
    <Filter Include="Game">
      <UniqueIdentifier>{03b0ff79-3b4b-4ae6-9f3d-a049709e28ff}</UniqueIdentifier>
    </Filter>
  </ItemGroup>
  <ItemGroup>
    <ClInclude Include="src\GlobalUtilities\globalUtilities.h">
      <Filter>GlobalUtilities</Filter>
    </ClInclude>
    <ClInclude Include="src\Entity\entity.h">
      <Filter>Entity</Filter>
    </ClInclude>
    <ClInclude Include="src\Ball\ball.h">
      <Filter>Ball</Filter>
    </ClInclude>
    <ClInclude Include="src\Player\player.h">
      <Filter>Player</Filter>
    </ClInclude>
    <ClInclude Include="src\Game\game.h">
      <Filter>Game</Filter>
    </ClInclude>
  </ItemGroup>
</Project>