<?xml version="1.0" encoding="utf-8"?>
<Project ToolsVersion="4.0" xmlns="http://schemas.microsoft.com/developer/msbuild/2003">
  <ItemGroup>
    <ClCompile Include="src\main.cpp" />
    <ClCompile Include="src\Entity\entity.cpp">
      <Filter>Entity</Filter>
    </ClCompile>
    <ClCompile Include="src\Ball\ball.cpp">
      <Filter>Ball</Filter>
    </ClCompile>
    <ClCompile Include="src\Player\player.cpp">
      <Filter>Player</Filter>
    </ClCompile>
    <ClCompile Include="src\Game\game.cpp">
      <Filter>Game</Filter>
    </ClCompile>
    <ClCompile Include="src\Hud\hud.cpp">
      <Filter>Hud</Filter>
    </ClCompile>
    <ClCompile Include="src\Button\button.cpp">
      <Filter>Button</Filter>
    </ClCompile>
    <ClCompile Include="src\GameScene\gameScene.cpp">
      <Filter>GameScene</Filter>
    </ClCompile>
    <ClCompile Include="src\MenuScene\mainMenu.cpp">
      <Filter>MainMenu</Filter>
    </ClCompile>
    <ClCompile Include="src\GameplayScene\gameplay.cpp">
      <Filter>GamePlay</Filter>
    </ClCompile>
    <ClCompile Include="src\RulesScene\rules.cpp">
      <Filter>Rules</Filter>
    </ClCompile>
    <ClCompile Include="src\CreditsScene\credits.cpp">
      <Filter>Credits</Filter>
    </ClCompile>
  </ItemGroup>
  <ItemGroup>
    <Filter Include="Entity">
      <UniqueIdentifier>{ca4f42e2-1371-4c3a-8cb7-9061f23cbc9c}</UniqueIdentifier>
    </Filter>
    <Filter Include="GlobalUtilities">
      <UniqueIdentifier>{de9028a2-406c-435d-9f0e-8e6754935dba}</UniqueIdentifier>
    </Filter>
    <Filter Include="Ball">
      <UniqueIdentifier>{8a4d3a39-7dc5-46ea-bea4-aaf64bed0033}</UniqueIdentifier>
    </Filter>
    <Filter Include="Player">
      <UniqueIdentifier>{48ab3d47-be2e-4a5c-bc0b-7c4ad1884bc2}</UniqueIdentifier>
    </Filter>
    <Filter Include="Game">
      <UniqueIdentifier>{03b0ff79-3b4b-4ae6-9f3d-a049709e28ff}</UniqueIdentifier>
    </Filter>
    <Filter Include="Hud">
      <UniqueIdentifier>{b14b61b4-37c0-4f48-9a89-3c4a19a7b8ca}</UniqueIdentifier>
    </Filter>
    <Filter Include="Button">
      <UniqueIdentifier>{ea940d08-fec7-43fc-8753-14467ab0da87}</UniqueIdentifier>
    </Filter>
    <Filter Include="GameScene">
      <UniqueIdentifier>{21792324-23d7-49f6-bd9c-148c53aa8092}</UniqueIdentifier>
    </Filter>
    <Filter Include="MainMenu">
      <UniqueIdentifier>{4d4b22c0-85e0-4db5-bd42-86eceac8c752}</UniqueIdentifier>
    </Filter>
    <Filter Include="GamePlay">
      <UniqueIdentifier>{63246a69-bee3-452c-9a55-8111a82160f2}</UniqueIdentifier>
    </Filter>
    <Filter Include="Rules">
      <UniqueIdentifier>{7c844138-7923-4f38-9b00-9ef01ab4e9e0}</UniqueIdentifier>
    </Filter>
    <Filter Include="Credits">
      <UniqueIdentifier>{4e8caebc-c2e8-4708-915f-f4c5a199e735}</UniqueIdentifier>
    </Filter>
  </ItemGroup>
  <ItemGroup>
    <ClInclude Include="src\GlobalUtilities\globalUtilities.h">
      <Filter>GlobalUtilities</Filter>
    </ClInclude>
    <ClInclude Include="src\Entity\entity.h">
      <Filter>Entity</Filter>
    </ClInclude>
    <ClInclude Include="src\Ball\ball.h">
      <Filter>Ball</Filter>
    </ClInclude>
    <ClInclude Include="src\Player\player.h">
      <Filter>Player</Filter>
    </ClInclude>
    <ClInclude Include="src\Game\game.h">
      <Filter>Game</Filter>
    </ClInclude>
    <ClInclude Include="src\Hud\hud.h">
      <Filter>Hud</Filter>
    </ClInclude>
    <ClInclude Include="src\Button\button.h">
      <Filter>Button</Filter>
    </ClInclude>
    <ClInclude Include="src\GameScene\gameScene.h">
      <Filter>GameScene</Filter>
    </ClInclude>
    <ClInclude Include="src\MenuScene\mainMenu.h">
      <Filter>MainMenu</Filter>
    </ClInclude>
    <ClInclude Include="src\GameplayScene\gameplay.h">
      <Filter>GamePlay</Filter>
    </ClInclude>
    <ClInclude Include="src\RulesScene\rules.h">
      <Filter>Rules</Filter>
    </ClInclude>
    <ClInclude Include="src\CreditsScene\credits.h">
      <Filter>Credits</Filter>
    </ClInclude>
  </ItemGroup>
</Project>