<?xml version="1.0" encoding="utf-8"?>
<Project ToolsVersion="4.0" xmlns="http://schemas.microsoft.com/developer/msbuild/2003">
  <ItemGroup>
    <ClCompile Include="src\main.cpp" />
    <ClCompile Include="src\Entity\entity.cpp">
      <Filter>Entity</Filter>
    </ClCompile>
  </ItemGroup>
  <ItemGroup>
    <Filter Include="Entity">
      <UniqueIdentifier>{ca4f42e2-1371-4c3a-8cb7-9061f23cbc9c}</UniqueIdentifier>
    </Filter>
    <Filter Include="GlobalUtilities">
      <UniqueIdentifier>{de9028a2-406c-435d-9f0e-8e6754935dba}</UniqueIdentifier>
    </Filter>
  </ItemGroup>
  <ItemGroup>
    <ClInclude Include="src\GlobalUtilities\globalUtilities.h">
      <Filter>GlobalUtilities</Filter>
    </ClInclude>
    <ClInclude Include="src\Entity\entity.h">
      <Filter>Entity</Filter>
    </ClInclude>
  </ItemGroup>
</Project>